
Microsoft Visual Studio Solution File, Format Version 12.00
# Visual Studio 2013
VisualStudioVersion = 12.0.30723.0
MinimumVisualStudioVersion = 10.0.40219.1
Project("{FAE04EC0-301F-11D3-BF4B-00C04F79EFBC}") = "Weave.Core", "Weave.Core\Weave.Core.csproj", "{0826D506-3A67-4A33-8BEA-0A211AA9A153}"
EndProject
Project("{2150E333-8FDC-42A3-9474-1A3956D46DE8}") = ".nuget", ".nuget", "{35D861DF-810A-431C-AB01-E54A3A014E9A}"
	ProjectSection(SolutionItems) = preProject
		.nuget\NuGet.Config = .nuget\NuGet.Config
		.nuget\NuGet.exe = .nuget\NuGet.exe
		.nuget\NuGet.targets = .nuget\NuGet.targets
	EndProjectSection
EndProject
Project("{FAE04EC0-301F-11D3-BF4B-00C04F79EFBC}") = "Weave.Server.Admin", "Weave.Server.Admin\Weave.Server.Admin.csproj", "{88ED0512-113E-482B-9D20-D510FC5E3E25}"
EndProject
Project("{FAE04EC0-301F-11D3-BF4B-00C04F79EFBC}") = "Weave.Server", "Weave.Server\Weave.Server.csproj", "{34318D5F-7817-4DBD-BC7A-7C4E113B3A97}"
EndProject
Project("{FAE04EC0-301F-11D3-BF4B-00C04F79EFBC}") = "Weave.Service", "Weave.Service\Weave.Service.csproj", "{B76CE0D1-123A-43D2-9476-886A69F4D8CA}"
EndProject
Global
	GlobalSection(SolutionConfigurationPlatforms) = preSolution
		Debug|Any CPU = Debug|Any CPU
		Debug|Mixed Platforms = Debug|Mixed Platforms
		Debug|x86 = Debug|x86
		SelfHost.Mono|Any CPU = SelfHost.Mono|Any CPU
		SelfHost.Mono|Mixed Platforms = SelfHost.Mono|Mixed Platforms
		SelfHost.Mono|x86 = SelfHost.Mono|x86
		SelfHost|Any CPU = SelfHost|Any CPU
		SelfHost|Mixed Platforms = SelfHost|Mixed Platforms
		SelfHost|x86 = SelfHost|x86
	EndGlobalSection
	GlobalSection(ProjectConfigurationPlatforms) = postSolution
		{0826D506-3A67-4A33-8BEA-0A211AA9A153}.Debug|Any CPU.ActiveCfg = Debug|Any CPU
		{0826D506-3A67-4A33-8BEA-0A211AA9A153}.Debug|Any CPU.Build.0 = Debug|Any CPU
		{0826D506-3A67-4A33-8BEA-0A211AA9A153}.Debug|Mixed Platforms.ActiveCfg = Debug|Any CPU
		{0826D506-3A67-4A33-8BEA-0A211AA9A153}.Debug|Mixed Platforms.Build.0 = Debug|Any CPU
		{0826D506-3A67-4A33-8BEA-0A211AA9A153}.Debug|x86.ActiveCfg = Debug|Any CPU
		{0826D506-3A67-4A33-8BEA-0A211AA9A153}.SelfHost.Mono|Any CPU.ActiveCfg = SelfHost.Mono|Any CPU
		{0826D506-3A67-4A33-8BEA-0A211AA9A153}.SelfHost.Mono|Any CPU.Build.0 = SelfHost.Mono|Any CPU
		{0826D506-3A67-4A33-8BEA-0A211AA9A153}.SelfHost.Mono|Mixed Platforms.ActiveCfg = SelfHost.Mono|Any CPU
		{0826D506-3A67-4A33-8BEA-0A211AA9A153}.SelfHost.Mono|Mixed Platforms.Build.0 = SelfHost.Mono|Any CPU
		{0826D506-3A67-4A33-8BEA-0A211AA9A153}.SelfHost.Mono|x86.ActiveCfg = SelfHost.Mono|Any CPU
		{0826D506-3A67-4A33-8BEA-0A211AA9A153}.SelfHost|Any CPU.ActiveCfg = SelfHost|Any CPU
		{0826D506-3A67-4A33-8BEA-0A211AA9A153}.SelfHost|Any CPU.Build.0 = SelfHost|Any CPU
		{0826D506-3A67-4A33-8BEA-0A211AA9A153}.SelfHost|Mixed Platforms.ActiveCfg = SelfHost|Any CPU
		{0826D506-3A67-4A33-8BEA-0A211AA9A153}.SelfHost|Mixed Platforms.Build.0 = SelfHost|Any CPU
		{0826D506-3A67-4A33-8BEA-0A211AA9A153}.SelfHost|x86.ActiveCfg = SelfHost|Any CPU
		{88ED0512-113E-482B-9D20-D510FC5E3E25}.Debug|Any CPU.ActiveCfg = Debug|Any CPU
		{88ED0512-113E-482B-9D20-D510FC5E3E25}.Debug|Any CPU.Build.0 = Debug|Any CPU
		{88ED0512-113E-482B-9D20-D510FC5E3E25}.Debug|Mixed Platforms.ActiveCfg = Debug|Any CPU
		{88ED0512-113E-482B-9D20-D510FC5E3E25}.Debug|Mixed Platforms.Build.0 = Debug|Any CPU
		{88ED0512-113E-482B-9D20-D510FC5E3E25}.Debug|x86.ActiveCfg = Debug|Any CPU
		{88ED0512-113E-482B-9D20-D510FC5E3E25}.SelfHost.Mono|Any CPU.ActiveCfg = SelfHost.Mono|Any CPU
		{88ED0512-113E-482B-9D20-D510FC5E3E25}.SelfHost.Mono|Any CPU.Build.0 = SelfHost.Mono|Any CPU
		{88ED0512-113E-482B-9D20-D510FC5E3E25}.SelfHost.Mono|Mixed Platforms.ActiveCfg = SelfHost.Mono|Any CPU
		{88ED0512-113E-482B-9D20-D510FC5E3E25}.SelfHost.Mono|Mixed Platforms.Build.0 = SelfHost.Mono|Any CPU
		{88ED0512-113E-482B-9D20-D510FC5E3E25}.SelfHost.Mono|x86.ActiveCfg = SelfHost.Mono|Any CPU
		{88ED0512-113E-482B-9D20-D510FC5E3E25}.SelfHost|Any CPU.ActiveCfg = SelfHost|Any CPU
		{88ED0512-113E-482B-9D20-D510FC5E3E25}.SelfHost|Any CPU.Build.0 = SelfHost|Any CPU
		{88ED0512-113E-482B-9D20-D510FC5E3E25}.SelfHost|Mixed Platforms.ActiveCfg = SelfHost|Any CPU
		{88ED0512-113E-482B-9D20-D510FC5E3E25}.SelfHost|Mixed Platforms.Build.0 = SelfHost|Any CPU
		{88ED0512-113E-482B-9D20-D510FC5E3E25}.SelfHost|x86.ActiveCfg = SelfHost|Any CPU
		{34318D5F-7817-4DBD-BC7A-7C4E113B3A97}.Debug|Any CPU.ActiveCfg = Debug|Any CPU
		{34318D5F-7817-4DBD-BC7A-7C4E113B3A97}.Debug|Any CPU.Build.0 = Debug|Any CPU
		{34318D5F-7817-4DBD-BC7A-7C4E113B3A97}.Debug|Mixed Platforms.ActiveCfg = Debug|Any CPU
		{34318D5F-7817-4DBD-BC7A-7C4E113B3A97}.Debug|Mixed Platforms.Build.0 = Debug|Any CPU
		{34318D5F-7817-4DBD-BC7A-7C4E113B3A97}.Debug|x86.ActiveCfg = Debug|Any CPU
		{34318D5F-7817-4DBD-BC7A-7C4E113B3A97}.SelfHost.Mono|Any CPU.ActiveCfg = SelfHost.Mono|Any CPU
		{34318D5F-7817-4DBD-BC7A-7C4E113B3A97}.SelfHost.Mono|Any CPU.Build.0 = SelfHost.Mono|Any CPU
		{34318D5F-7817-4DBD-BC7A-7C4E113B3A97}.SelfHost.Mono|Mixed Platforms.ActiveCfg = SelfHost.Mono|Any CPU
		{34318D5F-7817-4DBD-BC7A-7C4E113B3A97}.SelfHost.Mono|Mixed Platforms.Build.0 = SelfHost.Mono|Any CPU
		{34318D5F-7817-4DBD-BC7A-7C4E113B3A97}.SelfHost.Mono|x86.ActiveCfg = SelfHost.Mono|Any CPU
		{34318D5F-7817-4DBD-BC7A-7C4E113B3A97}.SelfHost|Any CPU.ActiveCfg = SelfHost|Any CPU
		{34318D5F-7817-4DBD-BC7A-7C4E113B3A97}.SelfHost|Any CPU.Build.0 = SelfHost|Any CPU
		{34318D5F-7817-4DBD-BC7A-7C4E113B3A97}.SelfHost|Mixed Platforms.ActiveCfg = SelfHost|Any CPU
		{34318D5F-7817-4DBD-BC7A-7C4E113B3A97}.SelfHost|Mixed Platforms.Build.0 = SelfHost|Any CPU
		{34318D5F-7817-4DBD-BC7A-7C4E113B3A97}.SelfHost|x86.ActiveCfg = SelfHost|Any CPU
		{B76CE0D1-123A-43D2-9476-886A69F4D8CA}.Debug|Any CPU.ActiveCfg = Debug|Any CPU
		{B76CE0D1-123A-43D2-9476-886A69F4D8CA}.Debug|Any CPU.Build.0 = Debug|Any CPU
		{B76CE0D1-123A-43D2-9476-886A69F4D8CA}.Debug|Mixed Platforms.ActiveCfg = Debug|Any CPU
		{B76CE0D1-123A-43D2-9476-886A69F4D8CA}.Debug|Mixed Platforms.Build.0 = Debug|Any CPU
		{B76CE0D1-123A-43D2-9476-886A69F4D8CA}.Debug|x86.ActiveCfg = Debug|Any CPU
		{B76CE0D1-123A-43D2-9476-886A69F4D8CA}.SelfHost.Mono|Any CPU.ActiveCfg = SelfHost.Mono|Any CPU
		{B76CE0D1-123A-43D2-9476-886A69F4D8CA}.SelfHost.Mono|Any CPU.Build.0 = SelfHost.Mono|Any CPU
		{B76CE0D1-123A-43D2-9476-886A69F4D8CA}.SelfHost.Mono|Mixed Platforms.ActiveCfg = SelfHost.Mono|Any CPU
		{B76CE0D1-123A-43D2-9476-886A69F4D8CA}.SelfHost.Mono|Mixed Platforms.Build.0 = SelfHost.Mono|Any CPU
		{B76CE0D1-123A-43D2-9476-886A69F4D8CA}.SelfHost.Mono|x86.ActiveCfg = SelfHost.Mono|Any CPU
		{B76CE0D1-123A-43D2-9476-886A69F4D8CA}.SelfHost|Any CPU.ActiveCfg = SelfHost|Any CPU
		{B76CE0D1-123A-43D2-9476-886A69F4D8CA}.SelfHost|Any CPU.Build.0 = SelfHost|Any CPU
		{B76CE0D1-123A-43D2-9476-886A69F4D8CA}.SelfHost|Mixed Platforms.ActiveCfg = SelfHost|Any CPU
		{B76CE0D1-123A-43D2-9476-886A69F4D8CA}.SelfHost|Mixed Platforms.Build.0 = SelfHost|Any CPU
		{B76CE0D1-123A-43D2-9476-886A69F4D8CA}.SelfHost|x86.ActiveCfg = SelfHost|Any CPU
	EndGlobalSection
	GlobalSection(SolutionProperties) = preSolution
		HideSolutionNode = FALSE
	EndGlobalSection
	GlobalSection(ExtensibilityGlobals) = postSolution
		VisualSVNWorkingCopyRoot = .
	EndGlobalSection
EndGlobal
